<?xml version="1.0" encoding="utf-8"?>
<Project ToolsVersion="4.0" xmlns="http://schemas.microsoft.com/developer/msbuild/2003">
  <ItemGroup>
    <Filter Include="Source Files">
      <UniqueIdentifier>{4FC737F1-C7A5-4376-A066-2A32D752A2FF}</UniqueIdentifier>
      <Extensions>cpp;c;cc;cxx;def;odl;idl;hpj;bat;asm;asmx</Extensions>
    </Filter>
    <Filter Include="Header Files">
      <UniqueIdentifier>{93995380-89BD-4b04-88EB-625FBE52EBFB}</UniqueIdentifier>
      <Extensions>h;hh;hpp;hxx;hm;inl;inc;ipp;xsd</Extensions>
    </Filter>
    <Filter Include="Resource Files">
      <UniqueIdentifier>{67DA6AB6-F800-4c08-8B7A-83BB121AAD01}</UniqueIdentifier>
      <Extensions>rc;ico;cur;bmp;dlg;rc2;rct;bin;rgs;gif;jpg;jpeg;jpe;resx;tiff;tif;png;wav;mfcribbon-ms</Extensions>
    </Filter>
    <Filter Include="Source Files\Engine">
      <UniqueIdentifier>{64884a5f-2a86-49a9-8f45-8781b6abeb80}</UniqueIdentifier>
    </Filter>
    <Filter Include="Source Files\Map">
      <UniqueIdentifier>{25906f7b-a560-4969-b7a6-c8109914e96a}</UniqueIdentifier>
    </Filter>
    <Filter Include="Source Files\Menu_Initial">
      <UniqueIdentifier>{81f4dffb-fda2-4502-b812-288f29375777}</UniqueIdentifier>
    </Filter>
    <Filter Include="Source Files\TransportDetector">
      <UniqueIdentifier>{4a03ebae-a211-4214-ad15-cbbfa4ce2375}</UniqueIdentifier>
    </Filter>
  </ItemGroup>
  <ItemGroup>
    <ClInclude Include="Engine.h">
      <Filter>Header Files</Filter>
    </ClInclude>
    <ClInclude Include="Global.h">
      <Filter>Header Files</Filter>
    </ClInclude>
    <ClInclude Include="Map.h">
      <Filter>Header Files</Filter>
    </ClInclude>
    <ClInclude Include="Menu_Initial.h">
      <Filter>Header Files</Filter>
    </ClInclude>
    <ClInclude Include="TransportDetector.h">
      <Filter>Header Files</Filter>
    </ClInclude>
    <ClInclude Include="Engine_Convert.cpp">
      <Filter>Source Files\Engine</Filter>
    </ClInclude>
  </ItemGroup>
  <ItemGroup>
    <ClCompile Include="Enigne_Start.cpp">
      <Filter>Source Files\Engine</Filter>
    </ClCompile>
    <ClCompile Include="Engine_Initialize.cpp">
      <Filter>Source Files\Engine</Filter>
    </ClCompile>
    <ClCompile Include="Engine_Runtime.cpp">
      <Filter>Source Files\Engine</Filter>
    </ClCompile>
    <ClCompile Include="Start.cpp">
      <Filter>Source Files</Filter>
    </ClCompile>
    <ClCompile Include="Map_Constructor.cpp">
      <Filter>Source Files\Map</Filter>
    </ClCompile>
    <ClCompile Include="Menu_Initial_Constructor.cpp">
      <Filter>Source Files\Menu_Initial</Filter>
    </ClCompile>
    <ClCompile Include="Engine_ConnectToDB.cpp">
      <Filter>Source Files\Engine</Filter>
    </ClCompile>
    <ClCompile Include="Menu_Initial_Button_Connect_onClick.cpp">
      <Filter>Source Files\Menu_Initial</Filter>
    </ClCompile>
    <ClCompile Include="Enigne_Runtime_Iteration.cpp">
      <Filter>Source Files\Engine</Filter>
    </ClCompile>
    <ClCompile Include="Map_Initialize.cpp">
      <Filter>Source Files\Map</Filter>
    </ClCompile>
    <ClCompile Include="TransportDetector_Constructor.cpp">
      <Filter>Source Files\TransportDetector</Filter>
    </ClCompile>
    <ClCompile Include="Map_DisplayMap_TransportLoad.cpp">
      <Filter>Source Files\Map</Filter>
    </ClCompile>
    <ClCompile Include="Map_Draw.cpp">
      <Filter>Source Files\Map</Filter>
    </ClCompile>
    <ClCompile Include="Map_Interact.cpp">
      <Filter>Source Files\Map</Filter>
    </ClCompile>
    <ClCompile Include="Engine_Interact.cpp">
      <Filter>Source Files\Engine</Filter>
    </ClCompile>
    <ClCompile Include="Engine_Fill_TransportDetectors.cpp">
      <Filter>Source Files\Engine</Filter>
    </ClCompile>
    <ClCompile Include="Map_Slider_Time.cpp">
      <Filter>Source Files\Map</Filter>
    </ClCompile>
    <ClCompile Include="Map_Button_ToMatrix_onClick.cpp">
      <Filter>Source Files\Map</Filter>
    </ClCompile>
    <ClCompile Include="Engine_Fill_Sectors.cpp">
      <Filter>Source Files\Engine</Filter>
    </ClCompile>
  </ItemGroup>
</Project>