<?xml version="1.0" encoding="utf-8"?>
<Project ToolsVersion="16.0" xmlns="http://schemas.microsoft.com/developer/msbuild/2003">
  <ItemGroup>
    <CustomBuild Include="C:\Users\admin\Desktop\c\CMakeFiles\6d5a28bb6b09b51f4c4ee312b099abb4\PACKAGE_force.rule">
      <Filter>CMake Rules</Filter>
    </CustomBuild>
  </ItemGroup>
  <ItemGroup>
    <Filter Include="CMake Rules">
      <UniqueIdentifier>{176518F2-800B-3891-BDFC-4D5E5053B09E}</UniqueIdentifier>
    </Filter>
  </ItemGroup>
</Project>
