<?xml version="1.0" encoding="utf-8"?>
<Project ToolsVersion="16.0" xmlns="http://schemas.microsoft.com/developer/msbuild/2003">
  <ItemGroup>
    <ClCompile Include="C:\Users\admin\Desktop\libpqxx-7.6.0\src\array.cxx">
      <Filter>Source Files</Filter>
    </ClCompile>
    <ClCompile Include="C:\Users\admin\Desktop\libpqxx-7.6.0\src\binarystring.cxx">
      <Filter>Source Files</Filter>
    </ClCompile>
    <ClCompile Include="C:\Users\admin\Desktop\libpqxx-7.6.0\src\blob.cxx">
      <Filter>Source Files</Filter>
    </ClCompile>
    <ClCompile Include="C:\Users\admin\Desktop\libpqxx-7.6.0\src\connection.cxx">
      <Filter>Source Files</Filter>
    </ClCompile>
    <ClCompile Include="C:\Users\admin\Desktop\libpqxx-7.6.0\src\cursor.cxx">
      <Filter>Source Files</Filter>
    </ClCompile>
    <ClCompile Include="C:\Users\admin\Desktop\libpqxx-7.6.0\src\encodings.cxx">
      <Filter>Source Files</Filter>
    </ClCompile>
    <ClCompile Include="C:\Users\admin\Desktop\libpqxx-7.6.0\src\errorhandler.cxx">
      <Filter>Source Files</Filter>
    </ClCompile>
    <ClCompile Include="C:\Users\admin\Desktop\libpqxx-7.6.0\src\except.cxx">
      <Filter>Source Files</Filter>
    </ClCompile>
    <ClCompile Include="C:\Users\admin\Desktop\libpqxx-7.6.0\src\field.cxx">
      <Filter>Source Files</Filter>
    </ClCompile>
    <ClCompile Include="C:\Users\admin\Desktop\libpqxx-7.6.0\src\largeobject.cxx">
      <Filter>Source Files</Filter>
    </ClCompile>
    <ClCompile Include="C:\Users\admin\Desktop\libpqxx-7.6.0\src\notification.cxx">
      <Filter>Source Files</Filter>
    </ClCompile>
    <ClCompile Include="C:\Users\admin\Desktop\libpqxx-7.6.0\src\params.cxx">
      <Filter>Source Files</Filter>
    </ClCompile>
    <ClCompile Include="C:\Users\admin\Desktop\libpqxx-7.6.0\src\pipeline.cxx">
      <Filter>Source Files</Filter>
    </ClCompile>
    <ClCompile Include="C:\Users\admin\Desktop\libpqxx-7.6.0\src\result.cxx">
      <Filter>Source Files</Filter>
    </ClCompile>
    <ClCompile Include="C:\Users\admin\Desktop\libpqxx-7.6.0\src\robusttransaction.cxx">
      <Filter>Source Files</Filter>
    </ClCompile>
    <ClCompile Include="C:\Users\admin\Desktop\libpqxx-7.6.0\src\row.cxx">
      <Filter>Source Files</Filter>
    </ClCompile>
    <ClCompile Include="C:\Users\admin\Desktop\libpqxx-7.6.0\src\sql_cursor.cxx">
      <Filter>Source Files</Filter>
    </ClCompile>
    <ClCompile Include="C:\Users\admin\Desktop\libpqxx-7.6.0\src\strconv.cxx">
      <Filter>Source Files</Filter>
    </ClCompile>
    <ClCompile Include="C:\Users\admin\Desktop\libpqxx-7.6.0\src\stream_from.cxx">
      <Filter>Source Files</Filter>
    </ClCompile>
    <ClCompile Include="C:\Users\admin\Desktop\libpqxx-7.6.0\src\stream_to.cxx">
      <Filter>Source Files</Filter>
    </ClCompile>
    <ClCompile Include="C:\Users\admin\Desktop\libpqxx-7.6.0\src\subtransaction.cxx">
      <Filter>Source Files</Filter>
    </ClCompile>
    <ClCompile Include="C:\Users\admin\Desktop\libpqxx-7.6.0\src\transaction.cxx">
      <Filter>Source Files</Filter>
    </ClCompile>
    <ClCompile Include="C:\Users\admin\Desktop\libpqxx-7.6.0\src\transaction_base.cxx">
      <Filter>Source Files</Filter>
    </ClCompile>
    <ClCompile Include="C:\Users\admin\Desktop\libpqxx-7.6.0\src\util.cxx">
      <Filter>Source Files</Filter>
    </ClCompile>
    <ClCompile Include="C:\Users\admin\Desktop\libpqxx-7.6.0\src\version.cxx">
      <Filter>Source Files</Filter>
    </ClCompile>
  </ItemGroup>
  <ItemGroup>
    <CustomBuild Include="C:\Users\admin\Desktop\libpqxx-7.6.0\src\CMakeLists.txt" />
  </ItemGroup>
  <ItemGroup>
    <Filter Include="Source Files">
      <UniqueIdentifier>{C0D2B55E-8453-318D-86D2-56FE9C273E4E}</UniqueIdentifier>
    </Filter>
  </ItemGroup>
</Project>
